
Microsoft Visual Studio Solution File, Format Version 12.00
# Visual Studio Version 17
VisualStudioVersion = 17.2.32630.192
MinimumVisualStudioVersion = 10.0.40219.1
Project("{9A19103F-16F7-4668-BE54-9A1E7A4F7556}") = "R5T.F0068.Construction", "R5T.F0068.Construction\R5T.F0068.Construction.csproj", "{6C7D4F40-9B43-4056-B68E-B54721527235}"
EndProject
Project("{9A19103F-16F7-4668-BE54-9A1E7A4F7556}") = "R5T.F0068", "R5T.F0068\R5T.F0068.csproj", "{327CA2DE-E195-4C13-9082-E28E0316C55D}"
EndProject
Project("{2150E333-8FDC-42A3-9474-1A3956D46DE8}") = "_Dependencies", "_Dependencies", "{D9C61EC7-7C69-4268-A218-CDF1F11597CF}"
EndProject
Project("{9A19103F-16F7-4668-BE54-9A1E7A4F7556}") = "R5T.T0132", "..\..\R5T.T0132\source\R5T.T0132\R5T.T0132.csproj", "{6B9198D5-A2E9-4182-87E0-BABE8B0985A1}"
EndProject
Project("{9A19103F-16F7-4668-BE54-9A1E7A4F7556}") = "R5T.F0040", "..\..\R5T.F0040\source\R5T.F0040\R5T.F0040.csproj", "{053DA1C9-088E-43CC-9C88-DA00800B776D}"
EndProject
Project("{9A19103F-16F7-4668-BE54-9A1E7A4F7556}") = "R5T.T0149", "..\..\R5T.T0149\source\R5T.T0149\R5T.T0149.csproj", "{C00ECA75-4F75-408F-998A-B337DE89E4C1}"
EndProject
Project("{9A19103F-16F7-4668-BE54-9A1E7A4F7556}") = "R5T.F0018", "..\..\R5T.F0018\source\R5T.F0018\R5T.F0018.csproj", "{762459FA-438E-453F-A6BD-5BEBAECB6E3B}"
EndProject
Project("{9A19103F-16F7-4668-BE54-9A1E7A4F7556}") = "R5T.Z0006", "..\..\R5T.Z0006\source\R5T.Z0006\R5T.Z0006.csproj", "{B54C8EA9-2967-4635-A20E-542D5833166D}"
EndProject
Project("{9A19103F-16F7-4668-BE54-9A1E7A4F7556}") = "R5T.Z0015", "..\..\R5T.Z0015\source\R5T.Z0015\R5T.Z0015.csproj", "{53A95946-0129-4D51-BF5F-499C3C011C59}"
EndProject
Project("{9A19103F-16F7-4668-BE54-9A1E7A4F7556}") = "R5T.F0052", "..\..\R5T.F0052\source\R5T.F0052\R5T.F0052.csproj", "{A82C1247-8C4D-4FBE-B09F-2480218A6DE4}"
EndProject
Project("{9A19103F-16F7-4668-BE54-9A1E7A4F7556}") = "R5T.F0024", "..\..\R5T.F0024\source\R5T.F0024\R5T.F0024.csproj", "{4C3ADB7B-914C-4CC9-B607-C43B77D2AB0B}"
EndProject
Project("{9A19103F-16F7-4668-BE54-9A1E7A4F7556}") = "R5T.F0000", "..\..\R5T.F0000\source\R5T.F0000\R5T.F0000.csproj", "{1DB2FAB0-B40E-408A-8EE2-173DBA8626A4}"
EndProject
Project("{9A19103F-16F7-4668-BE54-9A1E7A4F7556}") = "R5T.F0002", "..\..\R5T.F0002\source\R5T.F0002\R5T.F0002.csproj", "{D04121F7-4304-48B2-B9AB-F0B521A21A74}"
EndProject
Project("{9A19103F-16F7-4668-BE54-9A1E7A4F7556}") = "R5T.F0020", "..\..\R5T.F0020\source\R5T.F0020\R5T.F0020.csproj", "{754C001B-F426-4029-9792-151338948DAB}"
EndProject
Project("{9A19103F-16F7-4668-BE54-9A1E7A4F7556}") = "R5T.F0024.F001", "..\..\R5T.F0024\source\R5T.F0024.F001\R5T.F0024.F001.csproj", "{8E59A714-7762-4B6D-88A8-A148D1D9A346}"
EndProject
Project("{9A19103F-16F7-4668-BE54-9A1E7A4F7556}") = "R5T.F0024.T001", "..\..\R5T.F0024\source\R5T.F0024.T001\R5T.F0024.T001.csproj", "{7E1DD149-1999-4D1E-AD82-C445C1BF6A1E}"
EndProject
Project("{9A19103F-16F7-4668-BE54-9A1E7A4F7556}") = "R5T.F0040.F000", "..\..\R5T.F0040\source\R5T.F0040.F000\R5T.F0040.F000.csproj", "{A1CD4B50-7537-420F-8EFD-9446BAB5CB50}"
EndProject
Project("{9A19103F-16F7-4668-BE54-9A1E7A4F7556}") = "R5T.F0053", "..\..\R5T.F0053\source\R5T.F0053\R5T.F0053.csproj", "{9ED55086-206D-449E-AD22-B202B7FE40B8}"
EndProject
Project("{9A19103F-16F7-4668-BE54-9A1E7A4F7556}") = "R5T.F0054", "..\..\R5T.F0054\source\R5T.F0054\R5T.F0054.csproj", "{EDDE7CAD-97B4-404D-9B11-E7CE7C2A1829}"
EndProject
Project("{9A19103F-16F7-4668-BE54-9A1E7A4F7556}") = "R5T.L0053", "..\..\R5T.L0053\source\R5T.L0053\R5T.L0053.csproj", "{8A575862-6C2F-41AF-9C98-10B96E4A0D64}"
EndProject
Project("{9A19103F-16F7-4668-BE54-9A1E7A4F7556}") = "R5T.L0066", "..\..\R5T.L0066\source\R5T.L0066\R5T.L0066.csproj", "{67E5284C-57E6-4846-B0C1-BB4A77964B8D}"
EndProject
Project("{9A19103F-16F7-4668-BE54-9A1E7A4F7556}") = "R5T.L0071", "..\..\R5T.L0071\source\R5T.L0071\R5T.L0071.csproj", "{C4E3E73C-6F95-4515-9A4B-BDAAF8CD2F21}"
EndProject
Project("{9A19103F-16F7-4668-BE54-9A1E7A4F7556}") = "R5T.L0089.F000", "..\..\R5T.L0089\source\R5T.L0089.F000\R5T.L0089.F000.csproj", "{2A5DDA8F-EDC0-49B5-9D11-C574D1304ACA}"
EndProject
Project("{9A19103F-16F7-4668-BE54-9A1E7A4F7556}") = "R5T.L0089.T000", "..\..\R5T.L0089\source\R5T.L0089.T000\R5T.L0089.T000.csproj", "{EA2BBDB0-611F-4525-A405-8D833E465F21}"
EndProject
Project("{9A19103F-16F7-4668-BE54-9A1E7A4F7556}") = "R5T.L0089", "..\..\R5T.L0089\source\R5T.L0089\R5T.L0089.csproj", "{A63202DC-C177-4887-8439-BDB5AFD2443E}"
EndProject
Project("{9A19103F-16F7-4668-BE54-9A1E7A4F7556}") = "R5T.NG0010", "..\..\R5T.NG0010\source\R5T.NG0010\R5T.NG0010.csproj", "{4E752918-1DB6-4D05-9C48-2A49063C133F}"
EndProject
Project("{9A19103F-16F7-4668-BE54-9A1E7A4F7556}") = "R5T.T0131", "..\..\R5T.T0131\source\R5T.T0131\R5T.T0131.csproj", "{E21D0F8A-DC72-4903-8920-CBBCC3B8FBBF}"
EndProject
Project("{9A19103F-16F7-4668-BE54-9A1E7A4F7556}") = "R5T.T0142", "..\..\R5T.T0142\source\R5T.T0142\R5T.T0142.csproj", "{87DCCD7F-7DD0-45F3-A699-2F1F2A63240B}"
EndProject
Project("{9A19103F-16F7-4668-BE54-9A1E7A4F7556}") = "R5T.T0143", "..\..\R5T.T0143\source\R5T.T0143\R5T.T0143.csproj", "{47E1CE8D-3D43-4E56-A4D8-1BCCAE1A1C4D}"
EndProject
Project("{9A19103F-16F7-4668-BE54-9A1E7A4F7556}") = "R5T.T0152", "..\..\R5T.T0152\source\R5T.T0152\R5T.T0152.csproj", "{B7B5999E-A062-4708-A26E-15681963BBC1}"
EndProject
Project("{9A19103F-16F7-4668-BE54-9A1E7A4F7556}") = "R5T.T0156", "..\..\R5T.T0156\source\R5T.T0156\R5T.T0156.csproj", "{B0A2BE16-42C9-4128-BBB7-3F8E7061C7FA}"
EndProject
Project("{9A19103F-16F7-4668-BE54-9A1E7A4F7556}") = "R5T.T0221", "..\..\R5T.T0221\source\R5T.T0221\R5T.T0221.csproj", "{1CEBF280-174C-4BA2-B4FD-7184F2E0A736}"
EndProject
Project("{9A19103F-16F7-4668-BE54-9A1E7A4F7556}") = "R5T.Y0000", "..\..\R5T.Y0000\source\R5T.Y0000\R5T.Y0000.csproj", "{C8D888E3-5B15-4B4A-A947-A047833FA902}"
EndProject
Project("{9A19103F-16F7-4668-BE54-9A1E7A4F7556}") = "R5T.Y0006", "..\..\R5T.Y0006\source\R5T.Y0006\R5T.Y0006.csproj", "{C031C89C-50A8-4454-8B4B-7D7F2B4AD6FE}"
EndProject
Project("{9A19103F-16F7-4668-BE54-9A1E7A4F7556}") = "R5T.Z0000", "..\..\R5T.Z0000\source\R5T.Z0000\R5T.Z0000.csproj", "{4DD29B22-74B6-424E-A0D4-EA845A4C6481}"
EndProject
Project("{9A19103F-16F7-4668-BE54-9A1E7A4F7556}") = "R5T.Z0009", "..\..\R5T.Z0009\source\R5T.Z0009\R5T.Z0009.csproj", "{DB9ABD6C-C7E1-4592-93BC-B03662EB3A31}"
EndProject
Project("{9A19103F-16F7-4668-BE54-9A1E7A4F7556}") = "R5T.Z0010.Platform", "..\..\R5T.Z0010\source\R5T.Z0010.Platform\R5T.Z0010.Platform.csproj", "{1A318CA7-9E94-4E40-AFD3-9FEEBCA3BAA1}"
EndProject
Project("{9A19103F-16F7-4668-BE54-9A1E7A4F7556}") = "R5T.Z0012", "..\..\R5T.Z0012\source\R5T.Z0012\R5T.Z0012.csproj", "{A2FCB4CF-E6AC-439A-AB33-EBFCB7992021}"
EndProject
Global
	GlobalSection(NestedProjects) = preSolution
		{6B9198D5-A2E9-4182-87E0-BABE8B0985A1} = {D9C61EC7-7C69-4268-A218-CDF1F11597CF}
		{053DA1C9-088E-43CC-9C88-DA00800B776D} = {D9C61EC7-7C69-4268-A218-CDF1F11597CF}
		{C00ECA75-4F75-408F-998A-B337DE89E4C1} = {D9C61EC7-7C69-4268-A218-CDF1F11597CF}
		{762459FA-438E-453F-A6BD-5BEBAECB6E3B} = {D9C61EC7-7C69-4268-A218-CDF1F11597CF}
		{B54C8EA9-2967-4635-A20E-542D5833166D} = {D9C61EC7-7C69-4268-A218-CDF1F11597CF}
		{53A95946-0129-4D51-BF5F-499C3C011C59} = {D9C61EC7-7C69-4268-A218-CDF1F11597CF}
		{A82C1247-8C4D-4FBE-B09F-2480218A6DE4} = {D9C61EC7-7C69-4268-A218-CDF1F11597CF}
		{4C3ADB7B-914C-4CC9-B607-C43B77D2AB0B} = {D9C61EC7-7C69-4268-A218-CDF1F11597CF}
		{1DB2FAB0-B40E-408A-8EE2-173DBA8626A4} = {D9C61EC7-7C69-4268-A218-CDF1F11597CF}
		{D04121F7-4304-48B2-B9AB-F0B521A21A74} = {D9C61EC7-7C69-4268-A218-CDF1F11597CF}
		{754C001B-F426-4029-9792-151338948DAB} = {D9C61EC7-7C69-4268-A218-CDF1F11597CF}
		{8E59A714-7762-4B6D-88A8-A148D1D9A346} = {D9C61EC7-7C69-4268-A218-CDF1F11597CF}
		{7E1DD149-1999-4D1E-AD82-C445C1BF6A1E} = {D9C61EC7-7C69-4268-A218-CDF1F11597CF}
		{A1CD4B50-7537-420F-8EFD-9446BAB5CB50} = {D9C61EC7-7C69-4268-A218-CDF1F11597CF}
		{9ED55086-206D-449E-AD22-B202B7FE40B8} = {D9C61EC7-7C69-4268-A218-CDF1F11597CF}
		{EDDE7CAD-97B4-404D-9B11-E7CE7C2A1829} = {D9C61EC7-7C69-4268-A218-CDF1F11597CF}
		{8A575862-6C2F-41AF-9C98-10B96E4A0D64} = {D9C61EC7-7C69-4268-A218-CDF1F11597CF}
		{67E5284C-57E6-4846-B0C1-BB4A77964B8D} = {D9C61EC7-7C69-4268-A218-CDF1F11597CF}
		{C4E3E73C-6F95-4515-9A4B-BDAAF8CD2F21} = {D9C61EC7-7C69-4268-A218-CDF1F11597CF}
		{2A5DDA8F-EDC0-49B5-9D11-C574D1304ACA} = {D9C61EC7-7C69-4268-A218-CDF1F11597CF}
		{EA2BBDB0-611F-4525-A405-8D833E465F21} = {D9C61EC7-7C69-4268-A218-CDF1F11597CF}
		{A63202DC-C177-4887-8439-BDB5AFD2443E} = {D9C61EC7-7C69-4268-A218-CDF1F11597CF}
		{4E752918-1DB6-4D05-9C48-2A49063C133F} = {D9C61EC7-7C69-4268-A218-CDF1F11597CF}
		{E21D0F8A-DC72-4903-8920-CBBCC3B8FBBF} = {D9C61EC7-7C69-4268-A218-CDF1F11597CF}
		{87DCCD7F-7DD0-45F3-A699-2F1F2A63240B} = {D9C61EC7-7C69-4268-A218-CDF1F11597CF}
		{47E1CE8D-3D43-4E56-A4D8-1BCCAE1A1C4D} = {D9C61EC7-7C69-4268-A218-CDF1F11597CF}
		{B7B5999E-A062-4708-A26E-15681963BBC1} = {D9C61EC7-7C69-4268-A218-CDF1F11597CF}
		{B0A2BE16-42C9-4128-BBB7-3F8E7061C7FA} = {D9C61EC7-7C69-4268-A218-CDF1F11597CF}
		{1CEBF280-174C-4BA2-B4FD-7184F2E0A736} = {D9C61EC7-7C69-4268-A218-CDF1F11597CF}
		{C8D888E3-5B15-4B4A-A947-A047833FA902} = {D9C61EC7-7C69-4268-A218-CDF1F11597CF}
		{C031C89C-50A8-4454-8B4B-7D7F2B4AD6FE} = {D9C61EC7-7C69-4268-A218-CDF1F11597CF}
		{4DD29B22-74B6-424E-A0D4-EA845A4C6481} = {D9C61EC7-7C69-4268-A218-CDF1F11597CF}
		{DB9ABD6C-C7E1-4592-93BC-B03662EB3A31} = {D9C61EC7-7C69-4268-A218-CDF1F11597CF}
		{1A318CA7-9E94-4E40-AFD3-9FEEBCA3BAA1} = {D9C61EC7-7C69-4268-A218-CDF1F11597CF}
		{A2FCB4CF-E6AC-439A-AB33-EBFCB7992021} = {D9C61EC7-7C69-4268-A218-CDF1F11597CF}
	EndGlobalSection
	GlobalSection(SolutionConfigurationPlatforms) = preSolution
		Debug|Any CPU = Debug|Any CPU
		Release|Any CPU = Release|Any CPU
	EndGlobalSection
	GlobalSection(ProjectConfigurationPlatforms) = postSolution
		{6C7D4F40-9B43-4056-B68E-B54721527235}.Debug|Any CPU.ActiveCfg = Debug|Any CPU
		{6C7D4F40-9B43-4056-B68E-B54721527235}.Debug|Any CPU.Build.0 = Debug|Any CPU
		{6C7D4F40-9B43-4056-B68E-B54721527235}.Release|Any CPU.ActiveCfg = Release|Any CPU
		{6C7D4F40-9B43-4056-B68E-B54721527235}.Release|Any CPU.Build.0 = Release|Any CPU
		{327CA2DE-E195-4C13-9082-E28E0316C55D}.Debug|Any CPU.ActiveCfg = Debug|Any CPU
		{327CA2DE-E195-4C13-9082-E28E0316C55D}.Debug|Any CPU.Build.0 = Debug|Any CPU
		{327CA2DE-E195-4C13-9082-E28E0316C55D}.Release|Any CPU.ActiveCfg = Release|Any CPU
		{327CA2DE-E195-4C13-9082-E28E0316C55D}.Release|Any CPU.Build.0 = Release|Any CPU
		{6B9198D5-A2E9-4182-87E0-BABE8B0985A1}.Debug|Any CPU.ActiveCfg = Debug|Any CPU
		{6B9198D5-A2E9-4182-87E0-BABE8B0985A1}.Debug|Any CPU.Build.0 = Debug|Any CPU
		{6B9198D5-A2E9-4182-87E0-BABE8B0985A1}.Release|Any CPU.ActiveCfg = Release|Any CPU
		{6B9198D5-A2E9-4182-87E0-BABE8B0985A1}.Release|Any CPU.Build.0 = Release|Any CPU
		{053DA1C9-088E-43CC-9C88-DA00800B776D}.Debug|Any CPU.ActiveCfg = Debug|Any CPU
		{053DA1C9-088E-43CC-9C88-DA00800B776D}.Debug|Any CPU.Build.0 = Debug|Any CPU
		{053DA1C9-088E-43CC-9C88-DA00800B776D}.Release|Any CPU.ActiveCfg = Release|Any CPU
		{053DA1C9-088E-43CC-9C88-DA00800B776D}.Release|Any CPU.Build.0 = Release|Any CPU
		{C00ECA75-4F75-408F-998A-B337DE89E4C1}.Debug|Any CPU.ActiveCfg = Debug|Any CPU
		{C00ECA75-4F75-408F-998A-B337DE89E4C1}.Debug|Any CPU.Build.0 = Debug|Any CPU
		{C00ECA75-4F75-408F-998A-B337DE89E4C1}.Release|Any CPU.ActiveCfg = Release|Any CPU
		{C00ECA75-4F75-408F-998A-B337DE89E4C1}.Release|Any CPU.Build.0 = Release|Any CPU
		{762459FA-438E-453F-A6BD-5BEBAECB6E3B}.Debug|Any CPU.ActiveCfg = Debug|Any CPU
		{762459FA-438E-453F-A6BD-5BEBAECB6E3B}.Debug|Any CPU.Build.0 = Debug|Any CPU
		{762459FA-438E-453F-A6BD-5BEBAECB6E3B}.Release|Any CPU.ActiveCfg = Release|Any CPU
		{762459FA-438E-453F-A6BD-5BEBAECB6E3B}.Release|Any CPU.Build.0 = Release|Any CPU
		{B54C8EA9-2967-4635-A20E-542D5833166D}.Debug|Any CPU.ActiveCfg = Debug|Any CPU
		{B54C8EA9-2967-4635-A20E-542D5833166D}.Debug|Any CPU.Build.0 = Debug|Any CPU
		{B54C8EA9-2967-4635-A20E-542D5833166D}.Release|Any CPU.ActiveCfg = Release|Any CPU
		{B54C8EA9-2967-4635-A20E-542D5833166D}.Release|Any CPU.Build.0 = Release|Any CPU
		{53A95946-0129-4D51-BF5F-499C3C011C59}.Debug|Any CPU.ActiveCfg = Debug|Any CPU
		{53A95946-0129-4D51-BF5F-499C3C011C59}.Debug|Any CPU.Build.0 = Debug|Any CPU
		{53A95946-0129-4D51-BF5F-499C3C011C59}.Release|Any CPU.ActiveCfg = Release|Any CPU
		{53A95946-0129-4D51-BF5F-499C3C011C59}.Release|Any CPU.Build.0 = Release|Any CPU
		{A82C1247-8C4D-4FBE-B09F-2480218A6DE4}.Debug|Any CPU.ActiveCfg = Debug|Any CPU
		{A82C1247-8C4D-4FBE-B09F-2480218A6DE4}.Debug|Any CPU.Build.0 = Debug|Any CPU
		{A82C1247-8C4D-4FBE-B09F-2480218A6DE4}.Release|Any CPU.ActiveCfg = Release|Any CPU
		{A82C1247-8C4D-4FBE-B09F-2480218A6DE4}.Release|Any CPU.Build.0 = Release|Any CPU
		{4C3ADB7B-914C-4CC9-B607-C43B77D2AB0B}.Debug|Any CPU.ActiveCfg = Debug|Any CPU
		{4C3ADB7B-914C-4CC9-B607-C43B77D2AB0B}.Debug|Any CPU.Build.0 = Debug|Any CPU
		{4C3ADB7B-914C-4CC9-B607-C43B77D2AB0B}.Release|Any CPU.ActiveCfg = Release|Any CPU
		{4C3ADB7B-914C-4CC9-B607-C43B77D2AB0B}.Release|Any CPU.Build.0 = Release|Any CPU
		{1DB2FAB0-B40E-408A-8EE2-173DBA8626A4}.Debug|Any CPU.ActiveCfg = Debug|Any CPU
		{1DB2FAB0-B40E-408A-8EE2-173DBA8626A4}.Debug|Any CPU.Build.0 = Debug|Any CPU
		{1DB2FAB0-B40E-408A-8EE2-173DBA8626A4}.Release|Any CPU.ActiveCfg = Release|Any CPU
		{1DB2FAB0-B40E-408A-8EE2-173DBA8626A4}.Release|Any CPU.Build.0 = Release|Any CPU
		{D04121F7-4304-48B2-B9AB-F0B521A21A74}.Debug|Any CPU.ActiveCfg = Debug|Any CPU
		{D04121F7-4304-48B2-B9AB-F0B521A21A74}.Debug|Any CPU.Build.0 = Debug|Any CPU
		{D04121F7-4304-48B2-B9AB-F0B521A21A74}.Release|Any CPU.ActiveCfg = Release|Any CPU
		{D04121F7-4304-48B2-B9AB-F0B521A21A74}.Release|Any CPU.Build.0 = Release|Any CPU
		{754C001B-F426-4029-9792-151338948DAB}.Debug|Any CPU.ActiveCfg = Debug|Any CPU
		{754C001B-F426-4029-9792-151338948DAB}.Debug|Any CPU.Build.0 = Debug|Any CPU
		{754C001B-F426-4029-9792-151338948DAB}.Release|Any CPU.ActiveCfg = Release|Any CPU
		{754C001B-F426-4029-9792-151338948DAB}.Release|Any CPU.Build.0 = Release|Any CPU
		{8E59A714-7762-4B6D-88A8-A148D1D9A346}.Debug|Any CPU.ActiveCfg = Debug|Any CPU
		{8E59A714-7762-4B6D-88A8-A148D1D9A346}.Debug|Any CPU.Build.0 = Debug|Any CPU
		{8E59A714-7762-4B6D-88A8-A148D1D9A346}.Release|Any CPU.ActiveCfg = Release|Any CPU
		{8E59A714-7762-4B6D-88A8-A148D1D9A346}.Release|Any CPU.Build.0 = Release|Any CPU
		{7E1DD149-1999-4D1E-AD82-C445C1BF6A1E}.Debug|Any CPU.ActiveCfg = Debug|Any CPU
		{7E1DD149-1999-4D1E-AD82-C445C1BF6A1E}.Debug|Any CPU.Build.0 = Debug|Any CPU
		{7E1DD149-1999-4D1E-AD82-C445C1BF6A1E}.Release|Any CPU.ActiveCfg = Release|Any CPU
		{7E1DD149-1999-4D1E-AD82-C445C1BF6A1E}.Release|Any CPU.Build.0 = Release|Any CPU
		{A1CD4B50-7537-420F-8EFD-9446BAB5CB50}.Debug|Any CPU.ActiveCfg = Debug|Any CPU
		{A1CD4B50-7537-420F-8EFD-9446BAB5CB50}.Debug|Any CPU.Build.0 = Debug|Any CPU
		{A1CD4B50-7537-420F-8EFD-9446BAB5CB50}.Release|Any CPU.ActiveCfg = Release|Any CPU
		{A1CD4B50-7537-420F-8EFD-9446BAB5CB50}.Release|Any CPU.Build.0 = Release|Any CPU
		{9ED55086-206D-449E-AD22-B202B7FE40B8}.Debug|Any CPU.ActiveCfg = Debug|Any CPU
		{9ED55086-206D-449E-AD22-B202B7FE40B8}.Debug|Any CPU.Build.0 = Debug|Any CPU
		{9ED55086-206D-449E-AD22-B202B7FE40B8}.Release|Any CPU.ActiveCfg = Release|Any CPU
		{9ED55086-206D-449E-AD22-B202B7FE40B8}.Release|Any CPU.Build.0 = Release|Any CPU
		{EDDE7CAD-97B4-404D-9B11-E7CE7C2A1829}.Debug|Any CPU.ActiveCfg = Debug|Any CPU
		{EDDE7CAD-97B4-404D-9B11-E7CE7C2A1829}.Debug|Any CPU.Build.0 = Debug|Any CPU
		{EDDE7CAD-97B4-404D-9B11-E7CE7C2A1829}.Release|Any CPU.ActiveCfg = Release|Any CPU
		{EDDE7CAD-97B4-404D-9B11-E7CE7C2A1829}.Release|Any CPU.Build.0 = Release|Any CPU
		{8A575862-6C2F-41AF-9C98-10B96E4A0D64}.Debug|Any CPU.ActiveCfg = Debug|Any CPU
		{8A575862-6C2F-41AF-9C98-10B96E4A0D64}.Debug|Any CPU.Build.0 = Debug|Any CPU
		{8A575862-6C2F-41AF-9C98-10B96E4A0D64}.Release|Any CPU.ActiveCfg = Release|Any CPU
		{8A575862-6C2F-41AF-9C98-10B96E4A0D64}.Release|Any CPU.Build.0 = Release|Any CPU
		{67E5284C-57E6-4846-B0C1-BB4A77964B8D}.Debug|Any CPU.ActiveCfg = Debug|Any CPU
		{67E5284C-57E6-4846-B0C1-BB4A77964B8D}.Debug|Any CPU.Build.0 = Debug|Any CPU
		{67E5284C-57E6-4846-B0C1-BB4A77964B8D}.Release|Any CPU.ActiveCfg = Release|Any CPU
		{67E5284C-57E6-4846-B0C1-BB4A77964B8D}.Release|Any CPU.Build.0 = Release|Any CPU
		{C4E3E73C-6F95-4515-9A4B-BDAAF8CD2F21}.Debug|Any CPU.ActiveCfg = Debug|Any CPU
		{C4E3E73C-6F95-4515-9A4B-BDAAF8CD2F21}.Debug|Any CPU.Build.0 = Debug|Any CPU
		{C4E3E73C-6F95-4515-9A4B-BDAAF8CD2F21}.Release|Any CPU.ActiveCfg = Release|Any CPU
		{C4E3E73C-6F95-4515-9A4B-BDAAF8CD2F21}.Release|Any CPU.Build.0 = Release|Any CPU
		{2A5DDA8F-EDC0-49B5-9D11-C574D1304ACA}.Debug|Any CPU.ActiveCfg = Debug|Any CPU
		{2A5DDA8F-EDC0-49B5-9D11-C574D1304ACA}.Debug|Any CPU.Build.0 = Debug|Any CPU
		{2A5DDA8F-EDC0-49B5-9D11-C574D1304ACA}.Release|Any CPU.ActiveCfg = Release|Any CPU
		{2A5DDA8F-EDC0-49B5-9D11-C574D1304ACA}.Release|Any CPU.Build.0 = Release|Any CPU
		{EA2BBDB0-611F-4525-A405-8D833E465F21}.Debug|Any CPU.ActiveCfg = Debug|Any CPU
		{EA2BBDB0-611F-4525-A405-8D833E465F21}.Debug|Any CPU.Build.0 = Debug|Any CPU
		{EA2BBDB0-611F-4525-A405-8D833E465F21}.Release|Any CPU.ActiveCfg = Release|Any CPU
		{EA2BBDB0-611F-4525-A405-8D833E465F21}.Release|Any CPU.Build.0 = Release|Any CPU
		{A63202DC-C177-4887-8439-BDB5AFD2443E}.Debug|Any CPU.ActiveCfg = Debug|Any CPU
		{A63202DC-C177-4887-8439-BDB5AFD2443E}.Debug|Any CPU.Build.0 = Debug|Any CPU
		{A63202DC-C177-4887-8439-BDB5AFD2443E}.Release|Any CPU.ActiveCfg = Release|Any CPU
		{A63202DC-C177-4887-8439-BDB5AFD2443E}.Release|Any CPU.Build.0 = Release|Any CPU
		{4E752918-1DB6-4D05-9C48-2A49063C133F}.Debug|Any CPU.ActiveCfg = Debug|Any CPU
		{4E752918-1DB6-4D05-9C48-2A49063C133F}.Debug|Any CPU.Build.0 = Debug|Any CPU
		{4E752918-1DB6-4D05-9C48-2A49063C133F}.Release|Any CPU.ActiveCfg = Release|Any CPU
		{4E752918-1DB6-4D05-9C48-2A49063C133F}.Release|Any CPU.Build.0 = Release|Any CPU
		{E21D0F8A-DC72-4903-8920-CBBCC3B8FBBF}.Debug|Any CPU.ActiveCfg = Debug|Any CPU
		{E21D0F8A-DC72-4903-8920-CBBCC3B8FBBF}.Debug|Any CPU.Build.0 = Debug|Any CPU
		{E21D0F8A-DC72-4903-8920-CBBCC3B8FBBF}.Release|Any CPU.ActiveCfg = Release|Any CPU
		{E21D0F8A-DC72-4903-8920-CBBCC3B8FBBF}.Release|Any CPU.Build.0 = Release|Any CPU
		{87DCCD7F-7DD0-45F3-A699-2F1F2A63240B}.Debug|Any CPU.ActiveCfg = Debug|Any CPU
		{87DCCD7F-7DD0-45F3-A699-2F1F2A63240B}.Debug|Any CPU.Build.0 = Debug|Any CPU
		{87DCCD7F-7DD0-45F3-A699-2F1F2A63240B}.Release|Any CPU.ActiveCfg = Release|Any CPU
		{87DCCD7F-7DD0-45F3-A699-2F1F2A63240B}.Release|Any CPU.Build.0 = Release|Any CPU
		{47E1CE8D-3D43-4E56-A4D8-1BCCAE1A1C4D}.Debug|Any CPU.ActiveCfg = Debug|Any CPU
		{47E1CE8D-3D43-4E56-A4D8-1BCCAE1A1C4D}.Debug|Any CPU.Build.0 = Debug|Any CPU
		{47E1CE8D-3D43-4E56-A4D8-1BCCAE1A1C4D}.Release|Any CPU.ActiveCfg = Release|Any CPU
		{47E1CE8D-3D43-4E56-A4D8-1BCCAE1A1C4D}.Release|Any CPU.Build.0 = Release|Any CPU
		{B7B5999E-A062-4708-A26E-15681963BBC1}.Debug|Any CPU.ActiveCfg = Debug|Any CPU
		{B7B5999E-A062-4708-A26E-15681963BBC1}.Debug|Any CPU.Build.0 = Debug|Any CPU
		{B7B5999E-A062-4708-A26E-15681963BBC1}.Release|Any CPU.ActiveCfg = Release|Any CPU
		{B7B5999E-A062-4708-A26E-15681963BBC1}.Release|Any CPU.Build.0 = Release|Any CPU
		{B0A2BE16-42C9-4128-BBB7-3F8E7061C7FA}.Debug|Any CPU.ActiveCfg = Debug|Any CPU
		{B0A2BE16-42C9-4128-BBB7-3F8E7061C7FA}.Debug|Any CPU.Build.0 = Debug|Any CPU
		{B0A2BE16-42C9-4128-BBB7-3F8E7061C7FA}.Release|Any CPU.ActiveCfg = Release|Any CPU
		{B0A2BE16-42C9-4128-BBB7-3F8E7061C7FA}.Release|Any CPU.Build.0 = Release|Any CPU
		{1CEBF280-174C-4BA2-B4FD-7184F2E0A736}.Debug|Any CPU.ActiveCfg = Debug|Any CPU
		{1CEBF280-174C-4BA2-B4FD-7184F2E0A736}.Debug|Any CPU.Build.0 = Debug|Any CPU
		{1CEBF280-174C-4BA2-B4FD-7184F2E0A736}.Release|Any CPU.ActiveCfg = Release|Any CPU
		{1CEBF280-174C-4BA2-B4FD-7184F2E0A736}.Release|Any CPU.Build.0 = Release|Any CPU
		{C8D888E3-5B15-4B4A-A947-A047833FA902}.Debug|Any CPU.ActiveCfg = Debug|Any CPU
		{C8D888E3-5B15-4B4A-A947-A047833FA902}.Debug|Any CPU.Build.0 = Debug|Any CPU
		{C8D888E3-5B15-4B4A-A947-A047833FA902}.Release|Any CPU.ActiveCfg = Release|Any CPU
		{C8D888E3-5B15-4B4A-A947-A047833FA902}.Release|Any CPU.Build.0 = Release|Any CPU
		{C031C89C-50A8-4454-8B4B-7D7F2B4AD6FE}.Debug|Any CPU.ActiveCfg = Debug|Any CPU
		{C031C89C-50A8-4454-8B4B-7D7F2B4AD6FE}.Debug|Any CPU.Build.0 = Debug|Any CPU
		{C031C89C-50A8-4454-8B4B-7D7F2B4AD6FE}.Release|Any CPU.ActiveCfg = Release|Any CPU
		{C031C89C-50A8-4454-8B4B-7D7F2B4AD6FE}.Release|Any CPU.Build.0 = Release|Any CPU
		{4DD29B22-74B6-424E-A0D4-EA845A4C6481}.Debug|Any CPU.ActiveCfg = Debug|Any CPU
		{4DD29B22-74B6-424E-A0D4-EA845A4C6481}.Debug|Any CPU.Build.0 = Debug|Any CPU
		{4DD29B22-74B6-424E-A0D4-EA845A4C6481}.Release|Any CPU.ActiveCfg = Release|Any CPU
		{4DD29B22-74B6-424E-A0D4-EA845A4C6481}.Release|Any CPU.Build.0 = Release|Any CPU
		{DB9ABD6C-C7E1-4592-93BC-B03662EB3A31}.Debug|Any CPU.ActiveCfg = Debug|Any CPU
		{DB9ABD6C-C7E1-4592-93BC-B03662EB3A31}.Debug|Any CPU.Build.0 = Debug|Any CPU
		{DB9ABD6C-C7E1-4592-93BC-B03662EB3A31}.Release|Any CPU.ActiveCfg = Release|Any CPU
		{DB9ABD6C-C7E1-4592-93BC-B03662EB3A31}.Release|Any CPU.Build.0 = Release|Any CPU
		{1A318CA7-9E94-4E40-AFD3-9FEEBCA3BAA1}.Debug|Any CPU.ActiveCfg = Debug|Any CPU
		{1A318CA7-9E94-4E40-AFD3-9FEEBCA3BAA1}.Debug|Any CPU.Build.0 = Debug|Any CPU
		{1A318CA7-9E94-4E40-AFD3-9FEEBCA3BAA1}.Release|Any CPU.ActiveCfg = Release|Any CPU
		{1A318CA7-9E94-4E40-AFD3-9FEEBCA3BAA1}.Release|Any CPU.Build.0 = Release|Any CPU
		{A2FCB4CF-E6AC-439A-AB33-EBFCB7992021}.Debug|Any CPU.ActiveCfg = Debug|Any CPU
		{A2FCB4CF-E6AC-439A-AB33-EBFCB7992021}.Debug|Any CPU.Build.0 = Debug|Any CPU
		{A2FCB4CF-E6AC-439A-AB33-EBFCB7992021}.Release|Any CPU.ActiveCfg = Release|Any CPU
		{A2FCB4CF-E6AC-439A-AB33-EBFCB7992021}.Release|Any CPU.Build.0 = Release|Any CPU
	EndGlobalSection
	GlobalSection(SolutionProperties) = preSolution
		HideSolutionNode = FALSE
	EndGlobalSection
	GlobalSection(ExtensibilityGlobals) = postSolution
		SolutionGuid = {5C241D42-A963-49B2-815D-7CE7988DC4CB}
	EndGlobalSection
EndGlobal
