
Microsoft Visual Studio Solution File, Format Version 12.00
# Visual Studio Version 17
VisualStudioVersion = 17.2.32630.192
MinimumVisualStudioVersion = 10.0.40219.1
Project("{9A19103F-16F7-4668-BE54-9A1E7A4F7556}") = "R5T.F0068", "R5T.F0068\R5T.F0068.csproj", "{EC47717E-B5F0-4D65-93E1-D9A3FC598DCA}"
EndProject
Project("{2150E333-8FDC-42A3-9474-1A3956D46DE8}") = "_Dependencies", "_Dependencies", "{B6835673-1363-453C-879B-F796A78BD25A}"
EndProject
Project("{9A19103F-16F7-4668-BE54-9A1E7A4F7556}") = "R5T.F0000", "..\..\R5T.F0000\source\R5T.F0000\R5T.F0000.csproj", "{783A7B0D-FA7A-4271-8184-E8FAFFE8C403}"
EndProject
Project("{9A19103F-16F7-4668-BE54-9A1E7A4F7556}") = "R5T.F0002", "..\..\R5T.F0002\source\R5T.F0002\R5T.F0002.csproj", "{87118A0D-EA8E-413B-BD2E-47D36280D8F8}"
EndProject
Project("{9A19103F-16F7-4668-BE54-9A1E7A4F7556}") = "R5T.F0018", "..\..\R5T.F0018\source\R5T.F0018\R5T.F0018.csproj", "{4C6BC2C8-CCA5-4F8A-A45A-066C18925507}"
EndProject
Project("{9A19103F-16F7-4668-BE54-9A1E7A4F7556}") = "R5T.F0020", "..\..\R5T.F0020\source\R5T.F0020\R5T.F0020.csproj", "{5396DA0B-1F8E-42E7-8975-D6EC1C85F585}"
EndProject
Project("{9A19103F-16F7-4668-BE54-9A1E7A4F7556}") = "R5T.F0024.T001", "..\..\R5T.F0024\source\R5T.F0024.T001\R5T.F0024.T001.csproj", "{B583CAF1-0334-4029-AB86-7B213464360C}"
EndProject
Project("{9A19103F-16F7-4668-BE54-9A1E7A4F7556}") = "R5T.F0024", "..\..\R5T.F0024\source\R5T.F0024\R5T.F0024.csproj", "{9B469F72-25FA-4855-BD87-9B5B09B1B84E}"
EndProject
Project("{9A19103F-16F7-4668-BE54-9A1E7A4F7556}") = "R5T.F0040.F000", "..\..\R5T.F0040\source\R5T.F0040.F000\R5T.F0040.F000.csproj", "{DA1C244F-8BA8-44FC-BBC3-640224EE6540}"
EndProject
Project("{9A19103F-16F7-4668-BE54-9A1E7A4F7556}") = "R5T.F0040", "..\..\R5T.F0040\source\R5T.F0040\R5T.F0040.csproj", "{13C87929-6BD6-4BD0-9385-A2C077739789}"
EndProject
Project("{9A19103F-16F7-4668-BE54-9A1E7A4F7556}") = "R5T.F0052", "..\..\R5T.F0052\source\R5T.F0052\R5T.F0052.csproj", "{069627B7-20FB-43EC-A2AD-13304EC80B9B}"
EndProject
Project("{9A19103F-16F7-4668-BE54-9A1E7A4F7556}") = "R5T.F0053", "..\..\R5T.F0053\source\R5T.F0053\R5T.F0053.csproj", "{EF110C29-C1BF-4147-A77E-5F0B24CF6554}"
EndProject
Project("{9A19103F-16F7-4668-BE54-9A1E7A4F7556}") = "R5T.F0054", "..\..\R5T.F0054\source\R5T.F0054\R5T.F0054.csproj", "{8E264DC4-C55D-42EC-A9DB-6C09F90EBB89}"
EndProject
Project("{9A19103F-16F7-4668-BE54-9A1E7A4F7556}") = "R5T.NG0010", "..\..\R5T.NG0010\source\R5T.NG0010\R5T.NG0010.csproj", "{726A8445-ED7A-4037-A310-C699EEB5B4C6}"
EndProject
Project("{9A19103F-16F7-4668-BE54-9A1E7A4F7556}") = "R5T.T0131", "..\..\R5T.T0131\source\R5T.T0131\R5T.T0131.csproj", "{E39AC1D1-B1FD-481F-BAF1-4102AE1C1367}"
EndProject
Project("{9A19103F-16F7-4668-BE54-9A1E7A4F7556}") = "R5T.T0132", "..\..\R5T.T0132\source\R5T.T0132\R5T.T0132.csproj", "{9E286B41-6C62-4FAF-8684-904BBDD42EBE}"
EndProject
Project("{9A19103F-16F7-4668-BE54-9A1E7A4F7556}") = "R5T.T0142", "..\..\R5T.T0142\source\R5T.T0142\R5T.T0142.csproj", "{548C697F-1CEE-4876-A7B9-C28F54105B4E}"
EndProject
Project("{9A19103F-16F7-4668-BE54-9A1E7A4F7556}") = "R5T.T0143", "..\..\R5T.T0143\source\R5T.T0143\R5T.T0143.csproj", "{AB9FCF98-5CCC-48E7-9766-6AEC53667DEB}"
EndProject
Project("{9A19103F-16F7-4668-BE54-9A1E7A4F7556}") = "R5T.T0149", "..\..\R5T.T0149\source\R5T.T0149\R5T.T0149.csproj", "{550D7FB1-2890-41FF-8803-3483B6360AB9}"
EndProject
Project("{9A19103F-16F7-4668-BE54-9A1E7A4F7556}") = "R5T.T0152", "..\..\R5T.T0152\source\R5T.T0152\R5T.T0152.csproj", "{E3D8D8C9-AB5D-42ED-B1F9-B44339B06A6B}"
EndProject
Project("{9A19103F-16F7-4668-BE54-9A1E7A4F7556}") = "R5T.Y0000", "..\..\R5T.Y0000\source\R5T.Y0000\R5T.Y0000.csproj", "{5700D324-6368-4991-B5B0-2189F71C8159}"
EndProject
Project("{9A19103F-16F7-4668-BE54-9A1E7A4F7556}") = "R5T.Z0000", "..\..\R5T.Z0000\source\R5T.Z0000\R5T.Z0000.csproj", "{DC7FB7E8-56E2-4F68-8D32-2834533B2E97}"
EndProject
Project("{9A19103F-16F7-4668-BE54-9A1E7A4F7556}") = "R5T.Z0006", "..\..\R5T.Z0006\source\R5T.Z0006\R5T.Z0006.csproj", "{8CB4FB29-51F2-40F8-A9DB-9ED1723E18A7}"
EndProject
Project("{9A19103F-16F7-4668-BE54-9A1E7A4F7556}") = "R5T.Z0009", "..\..\R5T.Z0009\source\R5T.Z0009\R5T.Z0009.csproj", "{0C40A149-E529-45F1-AD7A-EB2F81925778}"
EndProject
Project("{9A19103F-16F7-4668-BE54-9A1E7A4F7556}") = "R5T.Z0012", "..\..\R5T.Z0012\source\R5T.Z0012\R5T.Z0012.csproj", "{D97D894B-DC07-4DB5-B57B-781469CEF2B5}"
EndProject
Project("{9A19103F-16F7-4668-BE54-9A1E7A4F7556}") = "R5T.Z0015", "..\..\R5T.Z0015\source\R5T.Z0015\R5T.Z0015.csproj", "{9E8310C1-38A3-4E6F-B4A3-217955F31D63}"
EndProject
Global
	GlobalSection(NestedProjects) = preSolution
		{783A7B0D-FA7A-4271-8184-E8FAFFE8C403} = {B6835673-1363-453C-879B-F796A78BD25A}
		{87118A0D-EA8E-413B-BD2E-47D36280D8F8} = {B6835673-1363-453C-879B-F796A78BD25A}
		{4C6BC2C8-CCA5-4F8A-A45A-066C18925507} = {B6835673-1363-453C-879B-F796A78BD25A}
		{5396DA0B-1F8E-42E7-8975-D6EC1C85F585} = {B6835673-1363-453C-879B-F796A78BD25A}
		{B583CAF1-0334-4029-AB86-7B213464360C} = {B6835673-1363-453C-879B-F796A78BD25A}
		{9B469F72-25FA-4855-BD87-9B5B09B1B84E} = {B6835673-1363-453C-879B-F796A78BD25A}
		{DA1C244F-8BA8-44FC-BBC3-640224EE6540} = {B6835673-1363-453C-879B-F796A78BD25A}
		{13C87929-6BD6-4BD0-9385-A2C077739789} = {B6835673-1363-453C-879B-F796A78BD25A}
		{069627B7-20FB-43EC-A2AD-13304EC80B9B} = {B6835673-1363-453C-879B-F796A78BD25A}
		{EF110C29-C1BF-4147-A77E-5F0B24CF6554} = {B6835673-1363-453C-879B-F796A78BD25A}
		{8E264DC4-C55D-42EC-A9DB-6C09F90EBB89} = {B6835673-1363-453C-879B-F796A78BD25A}
		{726A8445-ED7A-4037-A310-C699EEB5B4C6} = {B6835673-1363-453C-879B-F796A78BD25A}
		{E39AC1D1-B1FD-481F-BAF1-4102AE1C1367} = {B6835673-1363-453C-879B-F796A78BD25A}
		{9E286B41-6C62-4FAF-8684-904BBDD42EBE} = {B6835673-1363-453C-879B-F796A78BD25A}
		{548C697F-1CEE-4876-A7B9-C28F54105B4E} = {B6835673-1363-453C-879B-F796A78BD25A}
		{AB9FCF98-5CCC-48E7-9766-6AEC53667DEB} = {B6835673-1363-453C-879B-F796A78BD25A}
		{550D7FB1-2890-41FF-8803-3483B6360AB9} = {B6835673-1363-453C-879B-F796A78BD25A}
		{E3D8D8C9-AB5D-42ED-B1F9-B44339B06A6B} = {B6835673-1363-453C-879B-F796A78BD25A}
		{5700D324-6368-4991-B5B0-2189F71C8159} = {B6835673-1363-453C-879B-F796A78BD25A}
		{DC7FB7E8-56E2-4F68-8D32-2834533B2E97} = {B6835673-1363-453C-879B-F796A78BD25A}
		{8CB4FB29-51F2-40F8-A9DB-9ED1723E18A7} = {B6835673-1363-453C-879B-F796A78BD25A}
		{0C40A149-E529-45F1-AD7A-EB2F81925778} = {B6835673-1363-453C-879B-F796A78BD25A}
		{D97D894B-DC07-4DB5-B57B-781469CEF2B5} = {B6835673-1363-453C-879B-F796A78BD25A}
		{9E8310C1-38A3-4E6F-B4A3-217955F31D63} = {B6835673-1363-453C-879B-F796A78BD25A}
	EndGlobalSection
	GlobalSection(SolutionConfigurationPlatforms) = preSolution
		Debug|Any CPU = Debug|Any CPU
		Release|Any CPU = Release|Any CPU
	EndGlobalSection
	GlobalSection(ProjectConfigurationPlatforms) = postSolution
		{EC47717E-B5F0-4D65-93E1-D9A3FC598DCA}.Debug|Any CPU.ActiveCfg = Debug|Any CPU
		{EC47717E-B5F0-4D65-93E1-D9A3FC598DCA}.Debug|Any CPU.Build.0 = Debug|Any CPU
		{EC47717E-B5F0-4D65-93E1-D9A3FC598DCA}.Release|Any CPU.ActiveCfg = Release|Any CPU
		{EC47717E-B5F0-4D65-93E1-D9A3FC598DCA}.Release|Any CPU.Build.0 = Release|Any CPU
		{783A7B0D-FA7A-4271-8184-E8FAFFE8C403}.Debug|Any CPU.ActiveCfg = Debug|Any CPU
		{783A7B0D-FA7A-4271-8184-E8FAFFE8C403}.Debug|Any CPU.Build.0 = Debug|Any CPU
		{783A7B0D-FA7A-4271-8184-E8FAFFE8C403}.Release|Any CPU.ActiveCfg = Release|Any CPU
		{783A7B0D-FA7A-4271-8184-E8FAFFE8C403}.Release|Any CPU.Build.0 = Release|Any CPU
		{87118A0D-EA8E-413B-BD2E-47D36280D8F8}.Debug|Any CPU.ActiveCfg = Debug|Any CPU
		{87118A0D-EA8E-413B-BD2E-47D36280D8F8}.Debug|Any CPU.Build.0 = Debug|Any CPU
		{87118A0D-EA8E-413B-BD2E-47D36280D8F8}.Release|Any CPU.ActiveCfg = Release|Any CPU
		{87118A0D-EA8E-413B-BD2E-47D36280D8F8}.Release|Any CPU.Build.0 = Release|Any CPU
		{4C6BC2C8-CCA5-4F8A-A45A-066C18925507}.Debug|Any CPU.ActiveCfg = Debug|Any CPU
		{4C6BC2C8-CCA5-4F8A-A45A-066C18925507}.Debug|Any CPU.Build.0 = Debug|Any CPU
		{4C6BC2C8-CCA5-4F8A-A45A-066C18925507}.Release|Any CPU.ActiveCfg = Release|Any CPU
		{4C6BC2C8-CCA5-4F8A-A45A-066C18925507}.Release|Any CPU.Build.0 = Release|Any CPU
		{5396DA0B-1F8E-42E7-8975-D6EC1C85F585}.Debug|Any CPU.ActiveCfg = Debug|Any CPU
		{5396DA0B-1F8E-42E7-8975-D6EC1C85F585}.Debug|Any CPU.Build.0 = Debug|Any CPU
		{5396DA0B-1F8E-42E7-8975-D6EC1C85F585}.Release|Any CPU.ActiveCfg = Release|Any CPU
		{5396DA0B-1F8E-42E7-8975-D6EC1C85F585}.Release|Any CPU.Build.0 = Release|Any CPU
		{B583CAF1-0334-4029-AB86-7B213464360C}.Debug|Any CPU.ActiveCfg = Debug|Any CPU
		{B583CAF1-0334-4029-AB86-7B213464360C}.Debug|Any CPU.Build.0 = Debug|Any CPU
		{B583CAF1-0334-4029-AB86-7B213464360C}.Release|Any CPU.ActiveCfg = Release|Any CPU
		{B583CAF1-0334-4029-AB86-7B213464360C}.Release|Any CPU.Build.0 = Release|Any CPU
		{9B469F72-25FA-4855-BD87-9B5B09B1B84E}.Debug|Any CPU.ActiveCfg = Debug|Any CPU
		{9B469F72-25FA-4855-BD87-9B5B09B1B84E}.Debug|Any CPU.Build.0 = Debug|Any CPU
		{9B469F72-25FA-4855-BD87-9B5B09B1B84E}.Release|Any CPU.ActiveCfg = Release|Any CPU
		{9B469F72-25FA-4855-BD87-9B5B09B1B84E}.Release|Any CPU.Build.0 = Release|Any CPU
		{DA1C244F-8BA8-44FC-BBC3-640224EE6540}.Debug|Any CPU.ActiveCfg = Debug|Any CPU
		{DA1C244F-8BA8-44FC-BBC3-640224EE6540}.Debug|Any CPU.Build.0 = Debug|Any CPU
		{DA1C244F-8BA8-44FC-BBC3-640224EE6540}.Release|Any CPU.ActiveCfg = Release|Any CPU
		{DA1C244F-8BA8-44FC-BBC3-640224EE6540}.Release|Any CPU.Build.0 = Release|Any CPU
		{13C87929-6BD6-4BD0-9385-A2C077739789}.Debug|Any CPU.ActiveCfg = Debug|Any CPU
		{13C87929-6BD6-4BD0-9385-A2C077739789}.Debug|Any CPU.Build.0 = Debug|Any CPU
		{13C87929-6BD6-4BD0-9385-A2C077739789}.Release|Any CPU.ActiveCfg = Release|Any CPU
		{13C87929-6BD6-4BD0-9385-A2C077739789}.Release|Any CPU.Build.0 = Release|Any CPU
		{069627B7-20FB-43EC-A2AD-13304EC80B9B}.Debug|Any CPU.ActiveCfg = Debug|Any CPU
		{069627B7-20FB-43EC-A2AD-13304EC80B9B}.Debug|Any CPU.Build.0 = Debug|Any CPU
		{069627B7-20FB-43EC-A2AD-13304EC80B9B}.Release|Any CPU.ActiveCfg = Release|Any CPU
		{069627B7-20FB-43EC-A2AD-13304EC80B9B}.Release|Any CPU.Build.0 = Release|Any CPU
		{EF110C29-C1BF-4147-A77E-5F0B24CF6554}.Debug|Any CPU.ActiveCfg = Debug|Any CPU
		{EF110C29-C1BF-4147-A77E-5F0B24CF6554}.Debug|Any CPU.Build.0 = Debug|Any CPU
		{EF110C29-C1BF-4147-A77E-5F0B24CF6554}.Release|Any CPU.ActiveCfg = Release|Any CPU
		{EF110C29-C1BF-4147-A77E-5F0B24CF6554}.Release|Any CPU.Build.0 = Release|Any CPU
		{8E264DC4-C55D-42EC-A9DB-6C09F90EBB89}.Debug|Any CPU.ActiveCfg = Debug|Any CPU
		{8E264DC4-C55D-42EC-A9DB-6C09F90EBB89}.Debug|Any CPU.Build.0 = Debug|Any CPU
		{8E264DC4-C55D-42EC-A9DB-6C09F90EBB89}.Release|Any CPU.ActiveCfg = Release|Any CPU
		{8E264DC4-C55D-42EC-A9DB-6C09F90EBB89}.Release|Any CPU.Build.0 = Release|Any CPU
		{726A8445-ED7A-4037-A310-C699EEB5B4C6}.Debug|Any CPU.ActiveCfg = Debug|Any CPU
		{726A8445-ED7A-4037-A310-C699EEB5B4C6}.Debug|Any CPU.Build.0 = Debug|Any CPU
		{726A8445-ED7A-4037-A310-C699EEB5B4C6}.Release|Any CPU.ActiveCfg = Release|Any CPU
		{726A8445-ED7A-4037-A310-C699EEB5B4C6}.Release|Any CPU.Build.0 = Release|Any CPU
		{E39AC1D1-B1FD-481F-BAF1-4102AE1C1367}.Debug|Any CPU.ActiveCfg = Debug|Any CPU
		{E39AC1D1-B1FD-481F-BAF1-4102AE1C1367}.Debug|Any CPU.Build.0 = Debug|Any CPU
		{E39AC1D1-B1FD-481F-BAF1-4102AE1C1367}.Release|Any CPU.ActiveCfg = Release|Any CPU
		{E39AC1D1-B1FD-481F-BAF1-4102AE1C1367}.Release|Any CPU.Build.0 = Release|Any CPU
		{9E286B41-6C62-4FAF-8684-904BBDD42EBE}.Debug|Any CPU.ActiveCfg = Debug|Any CPU
		{9E286B41-6C62-4FAF-8684-904BBDD42EBE}.Debug|Any CPU.Build.0 = Debug|Any CPU
		{9E286B41-6C62-4FAF-8684-904BBDD42EBE}.Release|Any CPU.ActiveCfg = Release|Any CPU
		{9E286B41-6C62-4FAF-8684-904BBDD42EBE}.Release|Any CPU.Build.0 = Release|Any CPU
		{548C697F-1CEE-4876-A7B9-C28F54105B4E}.Debug|Any CPU.ActiveCfg = Debug|Any CPU
		{548C697F-1CEE-4876-A7B9-C28F54105B4E}.Debug|Any CPU.Build.0 = Debug|Any CPU
		{548C697F-1CEE-4876-A7B9-C28F54105B4E}.Release|Any CPU.ActiveCfg = Release|Any CPU
		{548C697F-1CEE-4876-A7B9-C28F54105B4E}.Release|Any CPU.Build.0 = Release|Any CPU
		{AB9FCF98-5CCC-48E7-9766-6AEC53667DEB}.Debug|Any CPU.ActiveCfg = Debug|Any CPU
		{AB9FCF98-5CCC-48E7-9766-6AEC53667DEB}.Debug|Any CPU.Build.0 = Debug|Any CPU
		{AB9FCF98-5CCC-48E7-9766-6AEC53667DEB}.Release|Any CPU.ActiveCfg = Release|Any CPU
		{AB9FCF98-5CCC-48E7-9766-6AEC53667DEB}.Release|Any CPU.Build.0 = Release|Any CPU
		{550D7FB1-2890-41FF-8803-3483B6360AB9}.Debug|Any CPU.ActiveCfg = Debug|Any CPU
		{550D7FB1-2890-41FF-8803-3483B6360AB9}.Debug|Any CPU.Build.0 = Debug|Any CPU
		{550D7FB1-2890-41FF-8803-3483B6360AB9}.Release|Any CPU.ActiveCfg = Release|Any CPU
		{550D7FB1-2890-41FF-8803-3483B6360AB9}.Release|Any CPU.Build.0 = Release|Any CPU
		{E3D8D8C9-AB5D-42ED-B1F9-B44339B06A6B}.Debug|Any CPU.ActiveCfg = Debug|Any CPU
		{E3D8D8C9-AB5D-42ED-B1F9-B44339B06A6B}.Debug|Any CPU.Build.0 = Debug|Any CPU
		{E3D8D8C9-AB5D-42ED-B1F9-B44339B06A6B}.Release|Any CPU.ActiveCfg = Release|Any CPU
		{E3D8D8C9-AB5D-42ED-B1F9-B44339B06A6B}.Release|Any CPU.Build.0 = Release|Any CPU
		{5700D324-6368-4991-B5B0-2189F71C8159}.Debug|Any CPU.ActiveCfg = Debug|Any CPU
		{5700D324-6368-4991-B5B0-2189F71C8159}.Debug|Any CPU.Build.0 = Debug|Any CPU
		{5700D324-6368-4991-B5B0-2189F71C8159}.Release|Any CPU.ActiveCfg = Release|Any CPU
		{5700D324-6368-4991-B5B0-2189F71C8159}.Release|Any CPU.Build.0 = Release|Any CPU
		{DC7FB7E8-56E2-4F68-8D32-2834533B2E97}.Debug|Any CPU.ActiveCfg = Debug|Any CPU
		{DC7FB7E8-56E2-4F68-8D32-2834533B2E97}.Debug|Any CPU.Build.0 = Debug|Any CPU
		{DC7FB7E8-56E2-4F68-8D32-2834533B2E97}.Release|Any CPU.ActiveCfg = Release|Any CPU
		{DC7FB7E8-56E2-4F68-8D32-2834533B2E97}.Release|Any CPU.Build.0 = Release|Any CPU
		{8CB4FB29-51F2-40F8-A9DB-9ED1723E18A7}.Debug|Any CPU.ActiveCfg = Debug|Any CPU
		{8CB4FB29-51F2-40F8-A9DB-9ED1723E18A7}.Debug|Any CPU.Build.0 = Debug|Any CPU
		{8CB4FB29-51F2-40F8-A9DB-9ED1723E18A7}.Release|Any CPU.ActiveCfg = Release|Any CPU
		{8CB4FB29-51F2-40F8-A9DB-9ED1723E18A7}.Release|Any CPU.Build.0 = Release|Any CPU
		{0C40A149-E529-45F1-AD7A-EB2F81925778}.Debug|Any CPU.ActiveCfg = Debug|Any CPU
		{0C40A149-E529-45F1-AD7A-EB2F81925778}.Debug|Any CPU.Build.0 = Debug|Any CPU
		{0C40A149-E529-45F1-AD7A-EB2F81925778}.Release|Any CPU.ActiveCfg = Release|Any CPU
		{0C40A149-E529-45F1-AD7A-EB2F81925778}.Release|Any CPU.Build.0 = Release|Any CPU
		{D97D894B-DC07-4DB5-B57B-781469CEF2B5}.Debug|Any CPU.ActiveCfg = Debug|Any CPU
		{D97D894B-DC07-4DB5-B57B-781469CEF2B5}.Debug|Any CPU.Build.0 = Debug|Any CPU
		{D97D894B-DC07-4DB5-B57B-781469CEF2B5}.Release|Any CPU.ActiveCfg = Release|Any CPU
		{D97D894B-DC07-4DB5-B57B-781469CEF2B5}.Release|Any CPU.Build.0 = Release|Any CPU
		{9E8310C1-38A3-4E6F-B4A3-217955F31D63}.Debug|Any CPU.ActiveCfg = Debug|Any CPU
		{9E8310C1-38A3-4E6F-B4A3-217955F31D63}.Debug|Any CPU.Build.0 = Debug|Any CPU
		{9E8310C1-38A3-4E6F-B4A3-217955F31D63}.Release|Any CPU.ActiveCfg = Release|Any CPU
		{9E8310C1-38A3-4E6F-B4A3-217955F31D63}.Release|Any CPU.Build.0 = Release|Any CPU
	EndGlobalSection
	GlobalSection(SolutionProperties) = preSolution
		HideSolutionNode = FALSE
	EndGlobalSection
	GlobalSection(ExtensibilityGlobals) = postSolution
		SolutionGuid = {C3A6018F-9082-45C9-B6AB-BF9BA7472CE9}
	EndGlobalSection
EndGlobal
